
Microsoft Visual Studio Solution File, Format Version 12.00
# Visual Studio Version 17
VisualStudioVersion = 17.10.35027.167
MinimumVisualStudioVersion = 10.0.40219.1
Project("{FAE04EC0-301F-11D3-BF4B-00C04F79EFBC}") = "TextRPG_RogueLike", "TextRPG_RogueLike.csproj", "{F20FBEFC-78C1-45F8-ADA2-76CECC66581E}"
EndProject
Global
	GlobalSection(SolutionConfigurationPlatforms) = preSolution
		Debug|Any CPU = Debug|Any CPU
		Release|Any CPU = Release|Any CPU
	EndGlobalSection
	GlobalSection(ProjectConfigurationPlatforms) = postSolution
		{F20FBEFC-78C1-45F8-ADA2-76CECC66581E}.Debug|Any CPU.ActiveCfg = Debug|Any CPU
		{F20FBEFC-78C1-45F8-ADA2-76CECC66581E}.Debug|Any CPU.Build.0 = Debug|Any CPU
		{F20FBEFC-78C1-45F8-ADA2-76CECC66581E}.Release|Any CPU.ActiveCfg = Release|Any CPU
		{F20FBEFC-78C1-45F8-ADA2-76CECC66581E}.Release|Any CPU.Build.0 = Release|Any CPU
	EndGlobalSection
	GlobalSection(SolutionProperties) = preSolution
		HideSolutionNode = FALSE
	EndGlobalSection
	GlobalSection(ExtensibilityGlobals) = postSolution
		SolutionGuid = {0C174757-10EF-4940-8A97-63735D00E93A}
	EndGlobalSection
EndGlobal
